{
  "pins" : [
    {
      "identity" : "elegant-emoji-picker",
      "kind" : "remoteSourceControl",
      "location" : "https://github.com/loongman/Elegant-Emoji-Picker",
      "state" : {
        "branch" : "memory",
        "revision" : "daa3dd4f2abe11f569467a3f9a675c61183ddada"
      }
    }
  ],
  "version" : 2
}
